// !$*UTF8*$!
{
	archiveVersion = 1;
	classes = {
	};
	objectVersion = 50;
	objects = {

/* Begin PBXBuildFile section */
		082D5D00229A576D00BC56C1 /* File.swift in Sources */ = {isa = PBXBuildFile; fileRef = 082D5CFF229A576D00BC56C1 /* File.swift */; };
		082D5D06229A72D200BC56C1 /* machinegun3.mp3 in Resources */ = {isa = PBXBuildFile; fileRef = 082D5D05229A72D200BC56C1 /* machinegun3.mp3 */; };
		08EA257F228FBC48003E5721 /* AppDelegate.swift in Sources */ = {isa = PBXBuildFile; fileRef = 08EA257E228FBC48003E5721 /* AppDelegate.swift */; };
		08EA2581228FBC48003E5721 /* ViewController.swift in Sources */ = {isa = PBXBuildFile; fileRef = 08EA2580228FBC48003E5721 /* ViewController.swift */; };
		08EA2584228FBC48003E5721 /* Main.storyboard in Resources */ = {isa = PBXBuildFile; fileRef = 08EA2582228FBC48003E5721 /* Main.storyboard */; };
		08EA2586228FBC4A003E5721 /* Assets.xcassets in Resources */ = {isa = PBXBuildFile; fileRef = 08EA2585228FBC4A003E5721 /* Assets.xcassets */; };
		08EA2589228FBC4A003E5721 /* LaunchScreen.storyboard in Resources */ = {isa = PBXBuildFile; fileRef = 08EA2587228FBC4A003E5721 /* LaunchScreen.storyboard */; };
		08EA2591228FDC02003E5721 /* PageBattle.swift in Sources */ = {isa = PBXBuildFile; fileRef = 08EA2590228FDC02003E5721 /* PageBattle.swift */; };
		08EA259822912DF3003E5721 /* Opening 1.2.mp3 in Resources */ = {isa = PBXBuildFile; fileRef = 08EA259722912DF3003E5721 /* Opening 1.2.mp3 */; };
		08EA25A022919E1E003E5721 /* drumpage2.mp3 in Resources */ = {isa = PBXBuildFile; fileRef = 08EA259F22919E1E003E5721 /* drumpage2.mp3 */; };
		08EA25A22292F63D003E5721 /* pukul.mp3 in Resources */ = {isa = PBXBuildFile; fileRef = 08EA25A12292F63D003E5721 /* pukul.mp3 */; };
		08EA25A42292FAD2003E5721 /* suaratonjoksedetik.mp3 in Resources */ = {isa = PBXBuildFile; fileRef = 08EA25A32292FAD2003E5721 /* suaratonjoksedetik.mp3 */; };
		08EA25AB2296FAD9003E5721 /* MyParticle.sks in Resources */ = {isa = PBXBuildFile; fileRef = 08EA25A92296FAD9003E5721 /* MyParticle.sks */; };
		08EA25AC2296FAD9003E5721 /* Assets.xcassets in Resources */ = {isa = PBXBuildFile; fileRef = 08EA25AA2296FAD9003E5721 /* Assets.xcassets */; };
/* End PBXBuildFile section */

/* Begin PBXFileReference section */
		082D5CFF229A576D00BC56C1 /* File.swift */ = {isa = PBXFileReference; lastKnownFileType = sourcecode.swift; path = File.swift; sourceTree = "<group>"; };
		082D5D05229A72D200BC56C1 /* machinegun3.mp3 */ = {isa = PBXFileReference; lastKnownFileType = audio.mp3; path = machinegun3.mp3; sourceTree = "<group>"; };
		08EA257B228FBC48003E5721 /* Brawl.app */ = {isa = PBXFileReference; explicitFileType = wrapper.application; includeInIndex = 0; path = Brawl.app; sourceTree = BUILT_PRODUCTS_DIR; };
		08EA257E228FBC48003E5721 /* AppDelegate.swift */ = {isa = PBXFileReference; lastKnownFileType = sourcecode.swift; path = AppDelegate.swift; sourceTree = "<group>"; };
		08EA2580228FBC48003E5721 /* ViewController.swift */ = {isa = PBXFileReference; lastKnownFileType = sourcecode.swift; path = ViewController.swift; sourceTree = "<group>"; };
		08EA2583228FBC48003E5721 /* Base */ = {isa = PBXFileReference; lastKnownFileType = file.storyboard; name = Base; path = Base.lproj/Main.storyboard; sourceTree = "<group>"; };
		08EA2585228FBC4A003E5721 /* Assets.xcassets */ = {isa = PBXFileReference; lastKnownFileType = folder.assetcatalog; path = Assets.xcassets; sourceTree = "<group>"; };
		08EA2588228FBC4A003E5721 /* Base */ = {isa = PBXFileReference; lastKnownFileType = file.storyboard; name = Base; path = Base.lproj/LaunchScreen.storyboard; sourceTree = "<group>"; };
		08EA258A228FBC4A003E5721 /* Info.plist */ = {isa = PBXFileReference; lastKnownFileType = text.plist.xml; path = Info.plist; sourceTree = "<group>"; };
		08EA2590228FDC02003E5721 /* PageBattle.swift */ = {isa = PBXFileReference; lastKnownFileType = sourcecode.swift; path = PageBattle.swift; sourceTree = "<group>"; };
		08EA25922291246C003E5721 /* Opening.m4a */ = {isa = PBXFileReference; lastKnownFileType = file; name = Opening.m4a; path = ../../../Downloads/Opening.m4a; sourceTree = "<group>"; };
		08EA259722912DF3003E5721 /* Opening 1.2.mp3 */ = {isa = PBXFileReference; lastKnownFileType = audio.mp3; path = "Opening 1.2.mp3"; sourceTree = "<group>"; };
		08EA259F22919E1E003E5721 /* drumpage2.mp3 */ = {isa = PBXFileReference; lastKnownFileType = audio.mp3; path = drumpage2.mp3; sourceTree = "<group>"; };
		08EA25A12292F63D003E5721 /* pukul.mp3 */ = {isa = PBXFileReference; lastKnownFileType = audio.mp3; path = pukul.mp3; sourceTree = "<group>"; };
		08EA25A32292FAD2003E5721 /* suaratonjoksedetik.mp3 */ = {isa = PBXFileReference; lastKnownFileType = audio.mp3; path = suaratonjoksedetik.mp3; sourceTree = "<group>"; };
		08EA25A92296FAD9003E5721 /* MyParticle.sks */ = {isa = PBXFileReference; lastKnownFileType = file.sks; path = MyParticle.sks; sourceTree = "<group>"; };
		08EA25AA2296FAD9003E5721 /* Assets.xcassets */ = {isa = PBXFileReference; lastKnownFileType = folder.assetcatalog; path = Assets.xcassets; sourceTree = "<group>"; };
/* End PBXFileReference section */

/* Begin PBXFrameworksBuildPhase section */
		08EA2578228FBC48003E5721 /* Frameworks */ = {
			isa = PBXFrameworksBuildPhase;
			buildActionMask = 2147483647;
			files = (
			);
			runOnlyForDeploymentPostprocessing = 0;
		};
/* End PBXFrameworksBuildPhase section */

/* Begin PBXGroup section */
		08EA2572228FBC48003E5721 = {
			isa = PBXGroup;
			children = (
				08EA25AA2296FAD9003E5721 /* Assets.xcassets */,
				08EA257D228FBC48003E5721 /* Brawl */,
				08EA257C228FBC48003E5721 /* Products */,
			);
			sourceTree = "<group>";
		};
		08EA257C228FBC48003E5721 /* Products */ = {
			isa = PBXGroup;
			children = (
				08EA257B228FBC48003E5721 /* Brawl.app */,
			);
			name = Products;
			sourceTree = "<group>";
		};
		08EA257D228FBC48003E5721 /* Brawl */ = {
			isa = PBXGroup;
			children = (
				08EA257E228FBC48003E5721 /* AppDelegate.swift */,
				08EA2580228FBC48003E5721 /* ViewController.swift */,
				08EA2582228FBC48003E5721 /* Main.storyboard */,
				082D5CFF229A576D00BC56C1 /* File.swift */,
				08EA2590228FDC02003E5721 /* PageBattle.swift */,
				08EA2585228FBC4A003E5721 /* Assets.xcassets */,
				08EA2587228FBC4A003E5721 /* LaunchScreen.storyboard */,
				08EA25A92296FAD9003E5721 /* MyParticle.sks */,
				08EA25922291246C003E5721 /* Opening.m4a */,
				08EA258A228FBC4A003E5721 /* Info.plist */,
				08EA25A32292FAD2003E5721 /* suaratonjoksedetik.mp3 */,
				08EA259722912DF3003E5721 /* Opening 1.2.mp3 */,
				08EA259F22919E1E003E5721 /* drumpage2.mp3 */,
				08EA25A12292F63D003E5721 /* pukul.mp3 */,
				082D5D05229A72D200BC56C1 /* machinegun3.mp3 */,
			);
			path = Brawl;
			sourceTree = "<group>";
		};
/* End PBXGroup section */

/* Begin PBXNativeTarget section */
		08EA257A228FBC48003E5721 /* Brawl */ = {
			isa = PBXNativeTarget;
			buildConfigurationList = 08EA258D228FBC4A003E5721 /* Build configuration list for PBXNativeTarget "Brawl" */;
			buildPhases = (
				08EA2577228FBC48003E5721 /* Sources */,
				08EA2578228FBC48003E5721 /* Frameworks */,
				08EA2579228FBC48003E5721 /* Resources */,
			);
			buildRules = (
			);
			dependencies = (
			);
			name = Brawl;
			productName = Brawl;
			productReference = 08EA257B228FBC48003E5721 /* Brawl.app */;
			productType = "com.apple.product-type.application";
		};
/* End PBXNativeTarget section */

/* Begin PBXProject section */
		08EA2573228FBC48003E5721 /* Project object */ = {
			isa = PBXProject;
			attributes = {
				LastSwiftUpdateCheck = 1020;
				LastUpgradeCheck = 1020;
				ORGANIZATIONNAME = masaksendiri;
				TargetAttributes = {
					08EA257A228FBC48003E5721 = {
						CreatedOnToolsVersion = 10.2.1;
						SystemCapabilities = {
							com.apple.BackgroundModes = {
								enabled = 1;
							};
						};
					};
				};
			};
			buildConfigurationList = 08EA2576228FBC48003E5721 /* Build configuration list for PBXProject "Brawl" */;
			compatibilityVersion = "Xcode 9.3";
			developmentRegion = en;
			hasScannedForEncodings = 0;
			knownRegions = (
				en,
				Base,
			);
			mainGroup = 08EA2572228FBC48003E5721;
			productRefGroup = 08EA257C228FBC48003E5721 /* Products */;
			projectDirPath = "";
			projectRoot = "";
			targets = (
				08EA257A228FBC48003E5721 /* Brawl */,
			);
		};
/* End PBXProject section */

/* Begin PBXResourcesBuildPhase section */
		08EA2579228FBC48003E5721 /* Resources */ = {
			isa = PBXResourcesBuildPhase;
			buildActionMask = 2147483647;
			files = (
				08EA2589228FBC4A003E5721 /* LaunchScreen.storyboard in Resources */,
				082D5D06229A72D200BC56C1 /* machinegun3.mp3 in Resources */,
				08EA2586228FBC4A003E5721 /* Assets.xcassets in Resources */,
				08EA259822912DF3003E5721 /* Opening 1.2.mp3 in Resources */,
				08EA25A022919E1E003E5721 /* drumpage2.mp3 in Resources */,
				08EA25A42292FAD2003E5721 /* suaratonjoksedetik.mp3 in Resources */,
				08EA25A22292F63D003E5721 /* pukul.mp3 in Resources */,
				08EA2584228FBC48003E5721 /* Main.storyboard in Resources */,
				08EA25AC2296FAD9003E5721 /* Assets.xcassets in Resources */,
				08EA25AB2296FAD9003E5721 /* MyParticle.sks in Resources */,
			);
			runOnlyForDeploymentPostprocessing = 0;
		};
/* End PBXResourcesBuildPhase section */

/* Begin PBXSourcesBuildPhase section */
		08EA2577228FBC48003E5721 /* Sources */ = {
			isa = PBXSourcesBuildPhase;
			buildActionMask = 2147483647;
			files = (
				08EA2591228FDC02003E5721 /* PageBattle.swift in Sources */,
				082D5D00229A576D00BC56C1 /* File.swift in Sources */,
				08EA2581228FBC48003E5721 /* ViewController.swift in Sources */,
				08EA257F228FBC48003E5721 /* AppDelegate.swift in Sources */,
			);
			runOnlyForDeploymentPostprocessing = 0;
		};
/* End PBXSourcesBuildPhase section */

/* Begin PBXVariantGroup section */
		08EA2582228FBC48003E5721 /* Main.storyboard */ = {
			isa = PBXVariantGroup;
			children = (
				08EA2583228FBC48003E5721 /* Base */,
			);
			name = Main.storyboard;
			sourceTree = "<group>";
		};
		08EA2587228FBC4A003E5721 /* LaunchScreen.storyboard */ = {
			isa = PBXVariantGroup;
			children = (
				08EA2588228FBC4A003E5721 /* Base */,
			);
			name = LaunchScreen.storyboard;
			sourceTree = "<group>";
		};
/* End PBXVariantGroup section */

/* Begin XCBuildConfiguration section */
		08EA258B228FBC4A003E5721 /* Debug */ = {
			isa = XCBuildConfiguration;
			buildSettings = {
				ALWAYS_SEARCH_USER_PATHS = NO;
				CLANG_ANALYZER_NONNULL = YES;
				CLANG_ANALYZER_NUMBER_OBJECT_CONVERSION = YES_AGGRESSIVE;
				CLANG_CXX_LANGUAGE_STANDARD = "gnu++14";
				CLANG_CXX_LIBRARY = "libc++";
				CLANG_ENABLE_MODULES = YES;
				CLANG_ENABLE_OBJC_ARC = YES;
				CLANG_ENABLE_OBJC_WEAK = YES;
				CLANG_WARN_BLOCK_CAPTURE_AUTORELEASING = YES;
				CLANG_WARN_BOOL_CONVERSION = YES;
				CLANG_WARN_COMMA = YES;
				CLANG_WARN_CONSTANT_CONVERSION = YES;
				CLANG_WARN_DEPRECATED_OBJC_IMPLEMENTATIONS = YES;
				CLANG_WARN_DIRECT_OBJC_ISA_USAGE = YES_ERROR;
				CLANG_WARN_DOCUMENTATION_COMMENTS = YES;
				CLANG_WARN_EMPTY_BODY = YES;
				CLANG_WARN_ENUM_CONVERSION = YES;
				CLANG_WARN_INFINITE_RECURSION = YES;
				CLANG_WARN_INT_CONVERSION = YES;
				CLANG_WARN_NON_LITERAL_NULL_CONVERSION = YES;
				CLANG_WARN_OBJC_IMPLICIT_RETAIN_SELF = YES;
				CLANG_WARN_OBJC_LITERAL_CONVERSION = YES;
				CLANG_WARN_OBJC_ROOT_CLASS = YES_ERROR;
				CLANG_WARN_RANGE_LOOP_ANALYSIS = YES;
				CLANG_WARN_STRICT_PROTOTYPES = YES;
				CLANG_WARN_SUSPICIOUS_MOVE = YES;
				CLANG_WARN_UNGUARDED_AVAILABILITY = YES_AGGRESSIVE;
				CLANG_WARN_UNREACHABLE_CODE = YES;
				CLANG_WARN__DUPLICATE_METHOD_MATCH = YES;
				CODE_SIGN_IDENTITY = "iPhone Developer";
				COPY_PHASE_STRIP = NO;
				DEBUG_INFORMATION_FORMAT = dwarf;
				ENABLE_STRICT_OBJC_MSGSEND = YES;
				ENABLE_TESTABILITY = YES;
				GCC_C_LANGUAGE_STANDARD = gnu11;
				GCC_DYNAMIC_NO_PIC = NO;
				GCC_NO_COMMON_BLOCKS = YES;
				GCC_OPTIMIZATION_LEVEL = 0;
				GCC_PREPROCESSOR_DEFINITIONS = (
					"DEBUG=1",
					"$(inherited)",
				);
				GCC_WARN_64_TO_32_BIT_CONVERSION = YES;
				GCC_WARN_ABOUT_RETURN_TYPE = YES_ERROR;
				GCC_WARN_UNDECLARED_SELECTOR = YES;
				GCC_WARN_UNINITIALIZED_AUTOS = YES_AGGRESSIVE;
				GCC_WARN_UNUSED_FUNCTION = YES;
				GCC_WARN_UNUSED_VARIABLE = YES;
				IPHONEOS_DEPLOYMENT_TARGET = 12.2;
				MTL_ENABLE_DEBUG_INFO = INCLUDE_SOURCE;
				MTL_FAST_MATH = YES;
				ONLY_ACTIVE_ARCH = YES;
				SDKROOT = iphoneos;
				SWIFT_ACTIVE_COMPILATION_CONDITIONS = DEBUG;
				SWIFT_OPTIMIZATION_LEVEL = "-Onone";
			};
			name = Debug;
		};
		08EA258C228FBC4A003E5721 /* Release */ = {
			isa = XCBuildConfiguration;
			buildSettings = {
				ALWAYS_SEARCH_USER_PATHS = NO;
				CLANG_ANALYZER_NONNULL = YES;
				CLANG_ANALYZER_NUMBER_OBJECT_CONVERSION = YES_AGGRESSIVE;
				CLANG_CXX_LANGUAGE_STANDARD = "gnu++14";
				CLANG_CXX_LIBRARY = "libc++";
				CLANG_ENABLE_MODULES = YES;
				CLANG_ENABLE_OBJC_ARC = YES;
				CLANG_ENABLE_OBJC_WEAK = YES;
				CLANG_WARN_BLOCK_CAPTURE_AUTORELEASING = YES;
				CLANG_WARN_BOOL_CONVERSION = YES;
				CLANG_WARN_COMMA = YES;
				CLANG_WARN_CONSTANT_CONVERSION = YES;
				CLANG_WARN_DEPRECATED_OBJC_IMPLEMENTATIONS = YES;
				CLANG_WARN_DIRECT_OBJC_ISA_USAGE = YES_ERROR;
				CLANG_WARN_DOCUMENTATION_COMMENTS = YES;
				CLANG_WARN_EMPTY_BODY = YES;
				CLANG_WARN_ENUM_CONVERSION = YES;
				CLANG_WARN_INFINITE_RECURSION = YES;
				CLANG_WARN_INT_CONVERSION = YES;
				CLANG_WARN_NON_LITERAL_NULL_CONVERSION = YES;
				CLANG_WARN_OBJC_IMPLICIT_RETAIN_SELF = YES;
				CLANG_WARN_OBJC_LITERAL_CONVERSION = YES;
				CLANG_WARN_OBJC_ROOT_CLASS = YES_ERROR;
				CLANG_WARN_RANGE_LOOP_ANALYSIS = YES;
				CLANG_WARN_STRICT_PROTOTYPES = YES;
				CLANG_WARN_SUSPICIOUS_MOVE = YES;
				CLANG_WARN_UNGUARDED_AVAILABILITY = YES_AGGRESSIVE;
				CLANG_WARN_UNREACHABLE_CODE = YES;
				CLANG_WARN__DUPLICATE_METHOD_MATCH = YES;
				CODE_SIGN_IDENTITY = "iPhone Developer";
				COPY_PHASE_STRIP = NO;
				DEBUG_INFORMATION_FORMAT = "dwarf-with-dsym";
				ENABLE_NS_ASSERTIONS = NO;
				ENABLE_STRICT_OBJC_MSGSEND = YES;
				GCC_C_LANGUAGE_STANDARD = gnu11;
				GCC_NO_COMMON_BLOCKS = YES;
				GCC_WARN_64_TO_32_BIT_CONVERSION = YES;
				GCC_WARN_ABOUT_RETURN_TYPE = YES_ERROR;
				GCC_WARN_UNDECLARED_SELECTOR = YES;
				GCC_WARN_UNINITIALIZED_AUTOS = YES_AGGRESSIVE;
				GCC_WARN_UNUSED_FUNCTION = YES;
				GCC_WARN_UNUSED_VARIABLE = YES;
				IPHONEOS_DEPLOYMENT_TARGET = 12.2;
				MTL_ENABLE_DEBUG_INFO = NO;
				MTL_FAST_MATH = YES;
				SDKROOT = iphoneos;
				SWIFT_COMPILATION_MODE = wholemodule;
				SWIFT_OPTIMIZATION_LEVEL = "-O";
				VALIDATE_PRODUCT = YES;
			};
			name = Release;
		};
		08EA258E228FBC4A003E5721 /* Debug */ = {
			isa = XCBuildConfiguration;
			buildSettings = {
				ASSETCATALOG_COMPILER_APPICON_NAME = AppIcon;
				CODE_SIGN_STYLE = Automatic;
				DEVELOPMENT_TEAM = 9X9D5WKBDY;
				INFOPLIST_FILE = Brawl/Info.plist;
				LD_RUNPATH_SEARCH_PATHS = (
					"$(inherited)",
					"@executable_path/Frameworks",
				);
				PRODUCT_BUNDLE_IDENTIFIER = pt.masaksendiri.Brawl;
				PRODUCT_NAME = "$(TARGET_NAME)";
				SWIFT_VERSION = 5.0;
				TARGETED_DEVICE_FAMILY = 1;
			};
			name = Debug;
		};
		08EA258F228FBC4A003E5721 /* Release */ = {
			isa = XCBuildConfiguration;
			buildSettings = {
				ASSETCATALOG_COMPILER_APPICON_NAME = AppIcon;
				CODE_SIGN_STYLE = Automatic;
				DEVELOPMENT_TEAM = 9X9D5WKBDY;
				INFOPLIST_FILE = Brawl/Info.plist;
				LD_RUNPATH_SEARCH_PATHS = (
					"$(inherited)",
					"@executable_path/Frameworks",
				);
				PRODUCT_BUNDLE_IDENTIFIER = pt.masaksendiri.Brawl;
				PRODUCT_NAME = "$(TARGET_NAME)";
				SWIFT_VERSION = 5.0;
				TARGETED_DEVICE_FAMILY = 1;
			};
			name = Release;
		};
/* End XCBuildConfiguration section */

/* Begin XCConfigurationList section */
		08EA2576228FBC48003E5721 /* Build configuration list for PBXProject "Brawl" */ = {
			isa = XCConfigurationList;
			buildConfigurations = (
				08EA258B228FBC4A003E5721 /* Debug */,
				08EA258C228FBC4A003E5721 /* Release */,
			);
			defaultConfigurationIsVisible = 0;
			defaultConfigurationName = Release;
		};
		08EA258D228FBC4A003E5721 /* Build configuration list for PBXNativeTarget "Brawl" */ = {
			isa = XCConfigurationList;
			buildConfigurations = (
				08EA258E228FBC4A003E5721 /* Debug */,
				08EA258F228FBC4A003E5721 /* Release */,
			);
			defaultConfigurationIsVisible = 0;
			defaultConfigurationName = Release;
		};
/* End XCConfigurationList section */
	};
	rootObject = 08EA2573228FBC48003E5721 /* Project object */;
}
